
Microsoft Visual Studio Solution File, Format Version 12.00
# Visual Studio 14
VisualStudioVersion = 14.0.25123.0
MinimumVisualStudioVersion = 10.0.40219.1
Project("{2150E333-8FDC-42A3-9474-1A3956D46DE8}") = ".nuget", ".nuget", "{2242FB60-B51C-4860-80A3-5860AA5BB6F2}"
	ProjectSection(SolutionItems) = preProject
		.nuget\NuGet.Config = .nuget\NuGet.Config
		.nuget\NuGet.exe = .nuget\NuGet.exe
		.nuget\NuGet.targets = .nuget\NuGet.targets
	EndProjectSection
EndProject
Project("{FAE04EC0-301F-11D3-BF4B-00C04F79EFBC}") = "urNotice.Tests", "urNotice.Tests\urNotice.Tests.csproj", "{BA6287D3-25B5-4169-94FA-083A7D311962}"
EndProject
Project("{FAE04EC0-301F-11D3-BF4B-00C04F79EFBC}") = "ConsoleApplication1", "ConsoleApplication1\ConsoleApplication1.csproj", "{87AA0BE7-8EE3-4F93-8410-1A72177F28A7}"
EndProject
Project("{FAE04EC0-301F-11D3-BF4B-00C04F79EFBC}") = "urNoticeAnalytics", "urNoticeAnalytics\urNoticeAnalytics.csproj", "{AA82564A-655D-415A-8F57-FC63F4C9C39A}"
EndProject
Project("{FAE04EC0-301F-11D3-BF4B-00C04F79EFBC}") = "urNotice.Common.Infrastructure", "urNotice.Common.Infrastructure\urNotice.Common.Infrastructure.csproj", "{035B8905-32B9-4C17-8E6B-D7B3114328E1}"
EndProject
Project("{FAE04EC0-301F-11D3-BF4B-00C04F79EFBC}") = "urNotice.DAO", "urNotice.DAO\urNotice.DAO.csproj", "{DDE0D4C6-FFD8-4463-8597-6502799EFF38}"
EndProject
Project("{FAE04EC0-301F-11D3-BF4B-00C04F79EFBC}") = "urNotice.Services", "urNotice.Services\urNotice.Services.csproj", "{4BE58554-2672-41F9-B6FE-3A205ACF2FE6}"
EndProject
Project("{FAE04EC0-301F-11D3-BF4B-00C04F79EFBC}") = "urNoticeAuth", "urNoticeAuth\urNoticeAuth.csproj", "{B947B38F-A08D-43E5-B3BD-D45613106800}"
EndProject
Project("{FAE04EC0-301F-11D3-BF4B-00C04F79EFBC}") = "urNoticeWeb", "urNoticeWeb\urNoticeWeb.csproj", "{3CAA19B7-6AA7-4214-96A3-68A901299371}"
EndProject
Project("{FAE04EC0-301F-11D3-BF4B-00C04F79EFBC}") = "OrbitPage", "OrbitPage\OrbitPage.csproj", "{44963E52-D666-4EED-B11A-8095B01A11A2}"
EndProject
Project("{FAE04EC0-301F-11D3-BF4B-00C04F79EFBC}") = "urNoticeSolr", "urNoticeSolr\urNoticeSolr.csproj", "{D761A081-1AD9-4ACA-9413-DFF8B48DEA73}"
EndProject
Project("{FAE04EC0-301F-11D3-BF4B-00C04F79EFBC}") = "urNoticeUser", "urNoticeUser\urNoticeUser.csproj", "{F58C13E0-A938-4153-944D-2EF25D1708CC}"
EndProject
Project("{FAE04EC0-301F-11D3-BF4B-00C04F79EFBC}") = "urNoticeDynamoDb", "urNoticeDynamoDb\urNoticeDynamoDb.csproj", "{DBE5D38C-6E2D-4EEF-9C4C-82ACBF41D2E4}"
EndProject
Project("{FAE04EC0-301F-11D3-BF4B-00C04F79EFBC}") = "OrbitPageUrNotice", "OrbitPageUrNotice\OrbitPageUrNotice.csproj", "{3A841702-4B0C-4E0B-88BF-28D2860D51CB}"
EndProject
Project("{FAE04EC0-301F-11D3-BF4B-00C04F79EFBC}") = "OrbitPageWorkgraphy", "OrbitPageWorkgraphy\OrbitPageWorkgraphy.csproj", "{B55B0455-6617-4D61-9A33-B9619923C92A}"
EndProject
Project("{FAE04EC0-301F-11D3-BF4B-00C04F79EFBC}") = "OrbitPageAdmin", "OrbitPageAdmin\OrbitPageAdmin.csproj", "{0C92BB70-06AD-41D2-9E36-A388B89FA96F}"
EndProject
Project("{FAE04EC0-301F-11D3-BF4B-00C04F79EFBC}") = "OrbitPageSignalR", "OrbitPageSignalR\OrbitPageSignalR.csproj", "{1DDAD55B-6EE8-41BF-B3FB-AB8EA78CE857}"
EndProject
Global
	GlobalSection(SolutionConfigurationPlatforms) = preSolution
		Debug|Any CPU = Debug|Any CPU
		Prod|Any CPU = Prod|Any CPU
		QA|Any CPU = QA|Any CPU
		Release|Any CPU = Release|Any CPU
	EndGlobalSection
	GlobalSection(ProjectConfigurationPlatforms) = postSolution
		{BA6287D3-25B5-4169-94FA-083A7D311962}.Debug|Any CPU.ActiveCfg = Debug|Any CPU
		{BA6287D3-25B5-4169-94FA-083A7D311962}.Debug|Any CPU.Build.0 = Debug|Any CPU
		{BA6287D3-25B5-4169-94FA-083A7D311962}.Prod|Any CPU.ActiveCfg = Prod|Any CPU
		{BA6287D3-25B5-4169-94FA-083A7D311962}.Prod|Any CPU.Build.0 = Prod|Any CPU
		{BA6287D3-25B5-4169-94FA-083A7D311962}.QA|Any CPU.ActiveCfg = QA|Any CPU
		{BA6287D3-25B5-4169-94FA-083A7D311962}.QA|Any CPU.Build.0 = QA|Any CPU
		{BA6287D3-25B5-4169-94FA-083A7D311962}.Release|Any CPU.ActiveCfg = Release|Any CPU
		{BA6287D3-25B5-4169-94FA-083A7D311962}.Release|Any CPU.Build.0 = Release|Any CPU
		{87AA0BE7-8EE3-4F93-8410-1A72177F28A7}.Debug|Any CPU.ActiveCfg = Debug|Any CPU
		{87AA0BE7-8EE3-4F93-8410-1A72177F28A7}.Debug|Any CPU.Build.0 = Debug|Any CPU
		{87AA0BE7-8EE3-4F93-8410-1A72177F28A7}.Prod|Any CPU.ActiveCfg = Release|Any CPU
		{87AA0BE7-8EE3-4F93-8410-1A72177F28A7}.Prod|Any CPU.Build.0 = Release|Any CPU
		{87AA0BE7-8EE3-4F93-8410-1A72177F28A7}.QA|Any CPU.ActiveCfg = Release|Any CPU
		{87AA0BE7-8EE3-4F93-8410-1A72177F28A7}.QA|Any CPU.Build.0 = Release|Any CPU
		{87AA0BE7-8EE3-4F93-8410-1A72177F28A7}.Release|Any CPU.ActiveCfg = Release|Any CPU
		{87AA0BE7-8EE3-4F93-8410-1A72177F28A7}.Release|Any CPU.Build.0 = Release|Any CPU
		{AA82564A-655D-415A-8F57-FC63F4C9C39A}.Debug|Any CPU.ActiveCfg = Debug|Any CPU
		{AA82564A-655D-415A-8F57-FC63F4C9C39A}.Debug|Any CPU.Build.0 = Debug|Any CPU
		{AA82564A-655D-415A-8F57-FC63F4C9C39A}.Prod|Any CPU.ActiveCfg = Release|Any CPU
		{AA82564A-655D-415A-8F57-FC63F4C9C39A}.Prod|Any CPU.Build.0 = Release|Any CPU
		{AA82564A-655D-415A-8F57-FC63F4C9C39A}.QA|Any CPU.ActiveCfg = Release|Any CPU
		{AA82564A-655D-415A-8F57-FC63F4C9C39A}.QA|Any CPU.Build.0 = Release|Any CPU
		{AA82564A-655D-415A-8F57-FC63F4C9C39A}.Release|Any CPU.ActiveCfg = Release|Any CPU
		{AA82564A-655D-415A-8F57-FC63F4C9C39A}.Release|Any CPU.Build.0 = Release|Any CPU
		{035B8905-32B9-4C17-8E6B-D7B3114328E1}.Debug|Any CPU.ActiveCfg = Debug|Any CPU
		{035B8905-32B9-4C17-8E6B-D7B3114328E1}.Debug|Any CPU.Build.0 = Debug|Any CPU
		{035B8905-32B9-4C17-8E6B-D7B3114328E1}.Prod|Any CPU.ActiveCfg = Release|Any CPU
		{035B8905-32B9-4C17-8E6B-D7B3114328E1}.Prod|Any CPU.Build.0 = Release|Any CPU
		{035B8905-32B9-4C17-8E6B-D7B3114328E1}.QA|Any CPU.ActiveCfg = Release|Any CPU
		{035B8905-32B9-4C17-8E6B-D7B3114328E1}.QA|Any CPU.Build.0 = Release|Any CPU
		{035B8905-32B9-4C17-8E6B-D7B3114328E1}.Release|Any CPU.ActiveCfg = Release|Any CPU
		{035B8905-32B9-4C17-8E6B-D7B3114328E1}.Release|Any CPU.Build.0 = Release|Any CPU
		{DDE0D4C6-FFD8-4463-8597-6502799EFF38}.Debug|Any CPU.ActiveCfg = Debug|Any CPU
		{DDE0D4C6-FFD8-4463-8597-6502799EFF38}.Debug|Any CPU.Build.0 = Debug|Any CPU
		{DDE0D4C6-FFD8-4463-8597-6502799EFF38}.Prod|Any CPU.ActiveCfg = Release|Any CPU
		{DDE0D4C6-FFD8-4463-8597-6502799EFF38}.Prod|Any CPU.Build.0 = Release|Any CPU
		{DDE0D4C6-FFD8-4463-8597-6502799EFF38}.QA|Any CPU.ActiveCfg = Release|Any CPU
		{DDE0D4C6-FFD8-4463-8597-6502799EFF38}.QA|Any CPU.Build.0 = Release|Any CPU
		{DDE0D4C6-FFD8-4463-8597-6502799EFF38}.Release|Any CPU.ActiveCfg = Release|Any CPU
		{DDE0D4C6-FFD8-4463-8597-6502799EFF38}.Release|Any CPU.Build.0 = Release|Any CPU
		{4BE58554-2672-41F9-B6FE-3A205ACF2FE6}.Debug|Any CPU.ActiveCfg = Debug|Any CPU
		{4BE58554-2672-41F9-B6FE-3A205ACF2FE6}.Debug|Any CPU.Build.0 = Debug|Any CPU
		{4BE58554-2672-41F9-B6FE-3A205ACF2FE6}.Prod|Any CPU.ActiveCfg = Release|Any CPU
		{4BE58554-2672-41F9-B6FE-3A205ACF2FE6}.Prod|Any CPU.Build.0 = Release|Any CPU
		{4BE58554-2672-41F9-B6FE-3A205ACF2FE6}.QA|Any CPU.ActiveCfg = Release|Any CPU
		{4BE58554-2672-41F9-B6FE-3A205ACF2FE6}.QA|Any CPU.Build.0 = Release|Any CPU
		{4BE58554-2672-41F9-B6FE-3A205ACF2FE6}.Release|Any CPU.ActiveCfg = Release|Any CPU
		{4BE58554-2672-41F9-B6FE-3A205ACF2FE6}.Release|Any CPU.Build.0 = Release|Any CPU
		{B947B38F-A08D-43E5-B3BD-D45613106800}.Debug|Any CPU.ActiveCfg = Debug|Any CPU
		{B947B38F-A08D-43E5-B3BD-D45613106800}.Debug|Any CPU.Build.0 = Debug|Any CPU
		{B947B38F-A08D-43E5-B3BD-D45613106800}.Prod|Any CPU.ActiveCfg = Release|Any CPU
		{B947B38F-A08D-43E5-B3BD-D45613106800}.Prod|Any CPU.Build.0 = Release|Any CPU
		{B947B38F-A08D-43E5-B3BD-D45613106800}.QA|Any CPU.ActiveCfg = Release|Any CPU
		{B947B38F-A08D-43E5-B3BD-D45613106800}.QA|Any CPU.Build.0 = Release|Any CPU
		{B947B38F-A08D-43E5-B3BD-D45613106800}.Release|Any CPU.ActiveCfg = Release|Any CPU
		{B947B38F-A08D-43E5-B3BD-D45613106800}.Release|Any CPU.Build.0 = Release|Any CPU
		{3CAA19B7-6AA7-4214-96A3-68A901299371}.Debug|Any CPU.ActiveCfg = Debug|Any CPU
		{3CAA19B7-6AA7-4214-96A3-68A901299371}.Debug|Any CPU.Build.0 = Debug|Any CPU
		{3CAA19B7-6AA7-4214-96A3-68A901299371}.Prod|Any CPU.ActiveCfg = Release|Any CPU
		{3CAA19B7-6AA7-4214-96A3-68A901299371}.Prod|Any CPU.Build.0 = Release|Any CPU
		{3CAA19B7-6AA7-4214-96A3-68A901299371}.QA|Any CPU.ActiveCfg = Release|Any CPU
		{3CAA19B7-6AA7-4214-96A3-68A901299371}.QA|Any CPU.Build.0 = Release|Any CPU
		{3CAA19B7-6AA7-4214-96A3-68A901299371}.Release|Any CPU.ActiveCfg = Release|Any CPU
		{3CAA19B7-6AA7-4214-96A3-68A901299371}.Release|Any CPU.Build.0 = Release|Any CPU
		{44963E52-D666-4EED-B11A-8095B01A11A2}.Debug|Any CPU.ActiveCfg = Debug|Any CPU
		{44963E52-D666-4EED-B11A-8095B01A11A2}.Debug|Any CPU.Build.0 = Debug|Any CPU
		{44963E52-D666-4EED-B11A-8095B01A11A2}.Prod|Any CPU.ActiveCfg = Release|Any CPU
		{44963E52-D666-4EED-B11A-8095B01A11A2}.Prod|Any CPU.Build.0 = Release|Any CPU
		{44963E52-D666-4EED-B11A-8095B01A11A2}.QA|Any CPU.ActiveCfg = Release|Any CPU
		{44963E52-D666-4EED-B11A-8095B01A11A2}.QA|Any CPU.Build.0 = Release|Any CPU
		{44963E52-D666-4EED-B11A-8095B01A11A2}.Release|Any CPU.ActiveCfg = Release|Any CPU
		{44963E52-D666-4EED-B11A-8095B01A11A2}.Release|Any CPU.Build.0 = Release|Any CPU
		{D761A081-1AD9-4ACA-9413-DFF8B48DEA73}.Debug|Any CPU.ActiveCfg = Debug|Any CPU
		{D761A081-1AD9-4ACA-9413-DFF8B48DEA73}.Debug|Any CPU.Build.0 = Debug|Any CPU
		{D761A081-1AD9-4ACA-9413-DFF8B48DEA73}.Prod|Any CPU.ActiveCfg = Release|Any CPU
		{D761A081-1AD9-4ACA-9413-DFF8B48DEA73}.Prod|Any CPU.Build.0 = Release|Any CPU
		{D761A081-1AD9-4ACA-9413-DFF8B48DEA73}.QA|Any CPU.ActiveCfg = Release|Any CPU
		{D761A081-1AD9-4ACA-9413-DFF8B48DEA73}.QA|Any CPU.Build.0 = Release|Any CPU
		{D761A081-1AD9-4ACA-9413-DFF8B48DEA73}.Release|Any CPU.ActiveCfg = Release|Any CPU
		{D761A081-1AD9-4ACA-9413-DFF8B48DEA73}.Release|Any CPU.Build.0 = Release|Any CPU
		{F58C13E0-A938-4153-944D-2EF25D1708CC}.Debug|Any CPU.ActiveCfg = Debug|Any CPU
		{F58C13E0-A938-4153-944D-2EF25D1708CC}.Debug|Any CPU.Build.0 = Debug|Any CPU
		{F58C13E0-A938-4153-944D-2EF25D1708CC}.Prod|Any CPU.ActiveCfg = Release|Any CPU
		{F58C13E0-A938-4153-944D-2EF25D1708CC}.Prod|Any CPU.Build.0 = Release|Any CPU
		{F58C13E0-A938-4153-944D-2EF25D1708CC}.QA|Any CPU.ActiveCfg = Release|Any CPU
		{F58C13E0-A938-4153-944D-2EF25D1708CC}.QA|Any CPU.Build.0 = Release|Any CPU
		{F58C13E0-A938-4153-944D-2EF25D1708CC}.Release|Any CPU.ActiveCfg = Release|Any CPU
		{F58C13E0-A938-4153-944D-2EF25D1708CC}.Release|Any CPU.Build.0 = Release|Any CPU
		{DBE5D38C-6E2D-4EEF-9C4C-82ACBF41D2E4}.Debug|Any CPU.ActiveCfg = Debug|Any CPU
		{DBE5D38C-6E2D-4EEF-9C4C-82ACBF41D2E4}.Debug|Any CPU.Build.0 = Debug|Any CPU
		{DBE5D38C-6E2D-4EEF-9C4C-82ACBF41D2E4}.Prod|Any CPU.ActiveCfg = Release|Any CPU
		{DBE5D38C-6E2D-4EEF-9C4C-82ACBF41D2E4}.Prod|Any CPU.Build.0 = Release|Any CPU
		{DBE5D38C-6E2D-4EEF-9C4C-82ACBF41D2E4}.QA|Any CPU.ActiveCfg = Release|Any CPU
		{DBE5D38C-6E2D-4EEF-9C4C-82ACBF41D2E4}.QA|Any CPU.Build.0 = Release|Any CPU
		{DBE5D38C-6E2D-4EEF-9C4C-82ACBF41D2E4}.Release|Any CPU.ActiveCfg = Release|Any CPU
		{DBE5D38C-6E2D-4EEF-9C4C-82ACBF41D2E4}.Release|Any CPU.Build.0 = Release|Any CPU
		{3A841702-4B0C-4E0B-88BF-28D2860D51CB}.Debug|Any CPU.ActiveCfg = Debug|Any CPU
		{3A841702-4B0C-4E0B-88BF-28D2860D51CB}.Debug|Any CPU.Build.0 = Debug|Any CPU
		{3A841702-4B0C-4E0B-88BF-28D2860D51CB}.Prod|Any CPU.ActiveCfg = Release|Any CPU
		{3A841702-4B0C-4E0B-88BF-28D2860D51CB}.Prod|Any CPU.Build.0 = Release|Any CPU
		{3A841702-4B0C-4E0B-88BF-28D2860D51CB}.QA|Any CPU.ActiveCfg = Release|Any CPU
		{3A841702-4B0C-4E0B-88BF-28D2860D51CB}.QA|Any CPU.Build.0 = Release|Any CPU
		{3A841702-4B0C-4E0B-88BF-28D2860D51CB}.Release|Any CPU.ActiveCfg = Release|Any CPU
		{3A841702-4B0C-4E0B-88BF-28D2860D51CB}.Release|Any CPU.Build.0 = Release|Any CPU
		{B55B0455-6617-4D61-9A33-B9619923C92A}.Debug|Any CPU.ActiveCfg = Debug|Any CPU
		{B55B0455-6617-4D61-9A33-B9619923C92A}.Debug|Any CPU.Build.0 = Debug|Any CPU
		{B55B0455-6617-4D61-9A33-B9619923C92A}.Prod|Any CPU.ActiveCfg = Release|Any CPU
		{B55B0455-6617-4D61-9A33-B9619923C92A}.Prod|Any CPU.Build.0 = Release|Any CPU
		{B55B0455-6617-4D61-9A33-B9619923C92A}.QA|Any CPU.ActiveCfg = Release|Any CPU
		{B55B0455-6617-4D61-9A33-B9619923C92A}.QA|Any CPU.Build.0 = Release|Any CPU
		{B55B0455-6617-4D61-9A33-B9619923C92A}.Release|Any CPU.ActiveCfg = Release|Any CPU
		{B55B0455-6617-4D61-9A33-B9619923C92A}.Release|Any CPU.Build.0 = Release|Any CPU
		{0C92BB70-06AD-41D2-9E36-A388B89FA96F}.Debug|Any CPU.ActiveCfg = Debug|Any CPU
		{0C92BB70-06AD-41D2-9E36-A388B89FA96F}.Debug|Any CPU.Build.0 = Debug|Any CPU
		{0C92BB70-06AD-41D2-9E36-A388B89FA96F}.Prod|Any CPU.ActiveCfg = Release|Any CPU
		{0C92BB70-06AD-41D2-9E36-A388B89FA96F}.Prod|Any CPU.Build.0 = Release|Any CPU
		{0C92BB70-06AD-41D2-9E36-A388B89FA96F}.QA|Any CPU.ActiveCfg = Release|Any CPU
		{0C92BB70-06AD-41D2-9E36-A388B89FA96F}.QA|Any CPU.Build.0 = Release|Any CPU
		{0C92BB70-06AD-41D2-9E36-A388B89FA96F}.Release|Any CPU.ActiveCfg = Release|Any CPU
		{0C92BB70-06AD-41D2-9E36-A388B89FA96F}.Release|Any CPU.Build.0 = Release|Any CPU
		{1DDAD55B-6EE8-41BF-B3FB-AB8EA78CE857}.Debug|Any CPU.ActiveCfg = Debug|Any CPU
		{1DDAD55B-6EE8-41BF-B3FB-AB8EA78CE857}.Debug|Any CPU.Build.0 = Debug|Any CPU
		{1DDAD55B-6EE8-41BF-B3FB-AB8EA78CE857}.Prod|Any CPU.ActiveCfg = Release|Any CPU
		{1DDAD55B-6EE8-41BF-B3FB-AB8EA78CE857}.Prod|Any CPU.Build.0 = Release|Any CPU
		{1DDAD55B-6EE8-41BF-B3FB-AB8EA78CE857}.QA|Any CPU.ActiveCfg = Release|Any CPU
		{1DDAD55B-6EE8-41BF-B3FB-AB8EA78CE857}.QA|Any CPU.Build.0 = Release|Any CPU
		{1DDAD55B-6EE8-41BF-B3FB-AB8EA78CE857}.Release|Any CPU.ActiveCfg = Release|Any CPU
		{1DDAD55B-6EE8-41BF-B3FB-AB8EA78CE857}.Release|Any CPU.Build.0 = Release|Any CPU
	EndGlobalSection
	GlobalSection(SolutionProperties) = preSolution
		HideSolutionNode = FALSE
	EndGlobalSection
EndGlobal
